{
  "name": "portfolio-website",
  "lockfileVersion": 3,
  "requires": true,
  "packages": {
    "": {
      "dependencies": {
        "@ai-sdk/openai": "^0.0.24"
      }
    },
    "node_modules/@ai-sdk/openai": {
      "version": "0.0.24",
      "resolved": "https://registry.npmjs.org/@ai-sdk/openai/-/openai-0.0.24.tgz",
      "integrity": "sha512-uLqisEHe6Xp45KXnxdTnwdq8UBJwU345GUdoR4QD/yhLWnoJZf9YSltIyWxaHIcrm4acLCxD5xoy+4L9jwXbBQ==",
      "dependencies": {
        "@ai-sdk/provider": "0.0.10",
        "@ai-sdk/provider-utils": "0.0.13"
      },
      "engines": {
        "node": ">=18"
      },
      "peerDependencies": {
        "zod": "^3.0.0"
      }
    },
    "node_modules/@ai-sdk/provider": {
      "version": "0.0.10",
      "resolved": "https://registry.npmjs.org/@ai-sdk/provider/-/provider-0.0.10.tgz",
      "integrity": "sha512-NzkrtREQpHID1cTqY/C4CI30PVOaXWKYytDR2EcytmFgnP7Z6+CrGIA/YCnNhYAuUm6Nx+nGpRL/Hmyrv7NYzg==",
      "dependencies": {
        "json-schema": "0.4.0"
      },
      "engines": {
        "node": ">=18"
      }
    },
    "node_modules/@ai-sdk/provider-utils": {
      "version": "0.0.13",
      "resolved": "https://registry.npmjs.org/@ai-sdk/provider-utils/-/provider-utils-0.0.13.tgz",
      "integrity": "sha512-cB2dPm9flj+yin5sjBLFcXdW8sZtAXLE/OLKgz9uHpHM55s7mnwZrDGfO6ot/ukHTxDDJunZLW7qSjgK/u0F1g==",
      "dependencies": {
        "@ai-sdk/provider": "0.0.10",
        "eventsource-parser": "1.1.2",
        "nanoid": "3.3.6",
        "secure-json-parse": "2.7.0"
      },
      "engines": {
        "node": ">=18"
      },
      "peerDependencies": {
        "zod": "^3.0.0"
      },
      "peerDependenciesMeta": {
        "zod": {
          "optional": true
        }
      }
    },
    "node_modules/eventsource-parser": {
      "version": "1.1.2",
      "resolved": "https://registry.npmjs.org/eventsource-parser/-/eventsource-parser-1.1.2.tgz",
      "integrity": "sha512-v0eOBUbiaFojBu2s2NPBfYUoRR9GjcDNvCXVaqEf5vVfpIAh9f8RCo4vXTP8c63QRKCFwoLpMpTdPwwhEKVgzA==",
      "engines": {
        "node": ">=14.18"
      }
    },
    "node_modules/json-schema": {
      "version": "0.4.0",
      "resolved": "https://registry.npmjs.org/json-schema/-/json-schema-0.4.0.tgz",
      "integrity": "sha512-es94M3nTIfsEPisRafak+HDLfHXnKBhV3vU5eqPcS3flIWqcxJWgXHXiey3YrpaNsanY5ei1VoYEbOzijuq9BA=="
    },
    "node_modules/nanoid": {
      "version": "3.3.6",
      "resolved": "https://registry.npmjs.org/nanoid/-/nanoid-3.3.6.tgz",
      "integrity": "sha512-BGcqMMJuToF7i1rt+2PWSNVnWIkGCU78jBG3RxO/bZlnZPK2Cmi2QaffxGO/2RvWi9sL+FAiRiXMgsyxQ1DIDA==",
      "funding": [
        {
          "type": "github",
          "url": "https://github.com/sponsors/ai"
        }
      ],
      "bin": {
        "nanoid": "bin/nanoid.cjs"
      },
      "engines": {
        "node": "^10 || ^12 || ^13.7 || ^14 || >=15.0.1"
      }
    },
    "node_modules/secure-json-parse": {
      "version": "2.7.0",
      "resolved": "https://registry.npmjs.org/secure-json-parse/-/secure-json-parse-2.7.0.tgz",
      "integrity": "sha512-6aU+Rwsezw7VR8/nyvKTx8QpWH9FrcYiXXlqC4z5d5XQBDRqtbfsRjnwGyqbi3gddNtWHuEk9OANUotL26qKUw=="
    },
    "node_modules/zod": {
      "version": "3.23.8",
      "resolved": "https://registry.npmjs.org/zod/-/zod-3.23.8.tgz",
      "integrity": "sha512-XBx9AXhXktjUqnepgTiE5flcKIYWi/rme0Eaj+5Y0lftuGBq+jyRu/md4WnuxqgP1ubdpNCsYEYPxrzVHD8d6g==",
      "peer": true,
      "funding": {
        "url": "https://github.com/sponsors/colinhacks"
      }
    }
  }
}
